
Microsoft Visual Studio Solution File, Format Version 12.00
# Visual Studio Version 17
VisualStudioVersion = 17.6.33712.159
MinimumVisualStudioVersion = 10.0.40219.1
Project("{9A19103F-16F7-4668-BE54-9A1E7A4F7556}") = "Laba1", "Laba1\Laba1.csproj", "{AEE09AF3-3FA7-40A9-B3FB-B2D887E988FF}"
EndProject
Project("{FAE04EC0-301F-11D3-BF4B-00C04F79EFBC}") = "Laba2", "Laba2\Laba2.csproj", "{3CF643EC-DDD5-428B-B55C-7D4AA7AED5F3}"
EndProject
Project("{FAE04EC0-301F-11D3-BF4B-00C04F79EFBC}") = "Laba3", "Laba3\Laba3.csproj", "{DD37E52D-796E-400D-AEC5-674ACE05C589}"
EndProject
Global
	GlobalSection(SolutionConfigurationPlatforms) = preSolution
		Debug|Any CPU = Debug|Any CPU
		Release|Any CPU = Release|Any CPU
	EndGlobalSection
	GlobalSection(ProjectConfigurationPlatforms) = postSolution
		{AEE09AF3-3FA7-40A9-B3FB-B2D887E988FF}.Debug|Any CPU.ActiveCfg = Debug|Any CPU
		{AEE09AF3-3FA7-40A9-B3FB-B2D887E988FF}.Debug|Any CPU.Build.0 = Debug|Any CPU
		{AEE09AF3-3FA7-40A9-B3FB-B2D887E988FF}.Release|Any CPU.ActiveCfg = Release|Any CPU
		{AEE09AF3-3FA7-40A9-B3FB-B2D887E988FF}.Release|Any CPU.Build.0 = Release|Any CPU
		{3CF643EC-DDD5-428B-B55C-7D4AA7AED5F3}.Debug|Any CPU.ActiveCfg = Debug|Any CPU
		{3CF643EC-DDD5-428B-B55C-7D4AA7AED5F3}.Debug|Any CPU.Build.0 = Debug|Any CPU
		{3CF643EC-DDD5-428B-B55C-7D4AA7AED5F3}.Release|Any CPU.ActiveCfg = Release|Any CPU
		{3CF643EC-DDD5-428B-B55C-7D4AA7AED5F3}.Release|Any CPU.Build.0 = Release|Any CPU
		{DD37E52D-796E-400D-AEC5-674ACE05C589}.Debug|Any CPU.ActiveCfg = Debug|Any CPU
		{DD37E52D-796E-400D-AEC5-674ACE05C589}.Debug|Any CPU.Build.0 = Debug|Any CPU
		{DD37E52D-796E-400D-AEC5-674ACE05C589}.Release|Any CPU.ActiveCfg = Release|Any CPU
		{DD37E52D-796E-400D-AEC5-674ACE05C589}.Release|Any CPU.Build.0 = Release|Any CPU
	EndGlobalSection
	GlobalSection(SolutionProperties) = preSolution
		HideSolutionNode = FALSE
	EndGlobalSection
	GlobalSection(ExtensibilityGlobals) = postSolution
		SolutionGuid = {D09002E1-9D14-475A-A455-B5E1A4E782CB}
	EndGlobalSection
EndGlobal
